# This file is autogenerated, do not edit; changes may be undone by the next 'dep ensure'.


[[projects]]
  digest = "1:ffe9824d294da03b391f44e1ae8281281b4afc1bdaa9588c9097785e3af10cec"
  name = "github.com/davecgh/go-spew"
  packages = ["spew"]
  pruneopts = "UT"
  revision = "8991bc29aa16c548c550c7ff78260e27b9ab7c73"
  version = "v1.1.1"

[[projects]]
  digest = "1:3a26588bc48b96825977c1b3df964f8fd842cd6860cc26370588d3563433cf11"
  name = "github.com/google/uuid"
  packages = ["."]
  pruneopts = "UT"
  revision = "d460ce9f8df2e77fb1ba55ca87fafed96c607494"
  version = "v1.0.0"

[[projects]]
  branch = "master"
  digest = "1:e74fa8e635591eb1ad79e8e711bff8bea4e12e9737563daf12af325c6ea206e4"
  name = "github.com/justinas/alice"
  packages = ["."]
  pruneopts = "UT"
  revision = "03f45bd4b7dad4734bc4620e46a35789349abb20"

[[projects]]
  digest = "1:40e195917a951a8bf867cd05de2a46aaf1806c50cf92eebf4c16f78cd196f747"
  name = "github.com/pkg/errors"
  packages = ["."]
  pruneopts = "UT"
  revision = "645ef00459ed84a119197bfb8d8205042c6df63d"
  version = "v0.8.0"

[[projects]]
  digest = "1:0028cb19b2e4c3112225cd871870f2d9cf49b9b4276531f03438a88e94be86fe"
  name = "github.com/pmezard/go-difflib"
  packages = ["difflib"]
  pruneopts = "UT"
  revision = "792786c7400a136282c1664665ae0a8db921c6c2"
  version = "v1.0.0"

[[projects]]
  branch = "master"
  digest = "1:99200fae8f08f08cb5021232dddf70adb35d860c10206c553401344fe2908a9c"
  name = "github.com/segmentio/conf"
  packages = ["."]
  pruneopts = "UT"
  revision = "a2a7fb2aaa3c99893d06150d50195c0be197f5d5"

[[projects]]
  digest = "1:1afe548530f071d6ea050c52f805e3059eb952dfac0e4a24b2f87003f8a7ca5c"
  name = "github.com/segmentio/events"
  packages = [
    ".",
    "ecslogs",
    "httpevents",
    "log",
    "sigevents",
    "text",
  ]
  pruneopts = "UT"
  revision = "406fcabaf3d3a8c0d790b3bbf7e3f795e277124e"
  version = "v2.0.1"

[[projects]]
  branch = "master"
  digest = "1:266d05c3dd75b5314dabf1bd7d67fd3b74a5b0fdb1dc57462641c5c0fb312cbb"
  name = "github.com/segmentio/fasthash"
  packages = ["jody"]
  pruneopts = "UT"
  revision = "a72b379d632eab4b49e4f4b2c765cfebf0a74796"

[[projects]]
  digest = "1:338c877d3e0136603b78a7c852cd120422e5787c6c2c5f338230ba2d9771af8f"
  name = "github.com/segmentio/go-snakecase"
  packages = ["."]
  pruneopts = "UT"
  revision = "3ecf343f213326f182b8477c337a2be66c9205b0"
  version = "v1.0.0"

[[projects]]
  digest = "1:8a3e7525dc0cf0236b163166800ecbc78d6c8c5d7ac956996e7b3bef8cfadc41"
  name = "github.com/segmentio/ksuid"
  packages = ["."]
  pruneopts = "UT"
  revision = "112f929a3020abfcd06b77c963ec919130796a35"
  version = "1.0.1"

[[projects]]
  digest = "1:56a84a380d547f4147fc55203383a565785c57ba3b212697ae3a636db70f0eb8"
  name = "github.com/segmentio/objconv"
  packages = [
    ".",
    "adapters",
    "adapters/net",
    "adapters/net/mail",
    "adapters/net/url",
    "json",
    "objutil",
    "yaml",
  ]
  pruneopts = "UT"
  revision = "8998c9cea5fb978cf489f7a8ad69159aa7be3d50"
  version = "0.1.0"

[[projects]]
  digest = "1:a89f848f756a27f5bcf5ae91a6dd8d4ebb3c2b1ccc9ba2148b72655405287764"
  name = "github.com/segmentio/stats"
  packages = [
    ".",
    "httpstats",
    "prometheus",
  ]
  pruneopts = "UT"
  revision = "8a8e19fb47d6394103adc1520fc253d5eb6a4b17"
  version = "4.0.0"

[[projects]]
  digest = "1:c40d65817cdd41fac9aa7af8bed56927bb2d6d47e4fea566a74880f5c2b1c41e"
  name = "github.com/stretchr/testify"
  packages = [
    "assert",
    "require",
  ]
  pruneopts = "UT"
  revision = "f35b8ab0b5a2cef36673838d662e249dd9c94686"
  version = "v1.2.2"

[[projects]]
  digest = "1:2cab41f59638fdb77dda96ab4f9b5860ef30f48967557254eba127e43c756f2e"
  name = "github.com/tidwall/gjson"
  packages = ["."]
  pruneopts = "UT"
  revision = "1e3f6aeaa5bad08d777ea7807b279a07885dd8b2"
  version = "v1.1.3"

[[projects]]
  branch = "master"
  digest = "1:d3f968e2a2c9f8506ed44b01b605ade0176ba6cf73ff679073e77cfdef2c0d55"
  name = "github.com/tidwall/match"
  packages = ["."]
  pruneopts = "UT"
  revision = "1731857f09b1f38450e2c12409748407822dc6be"

[[projects]]
  branch = "master"
  digest = "1:42c2f3871e575d0303a0dd1ceaa4c26284174545c0f1da5b64a4c9c19884d678"
  name = "github.com/yields/phony"
  packages = ["pkg/phony"]
  pruneopts = "UT"
  revision = "ce3b0822889ce23660258cdae467b0c39cbbda25"

[[projects]]
  digest = "1:dad6cd59e8bb8d209194efbd3850b5d054384a63061671bfc2a6b2cc0929c731"
  name = "gopkg.in/go-playground/mold.v2"
  packages = [
    ".",
    "modifiers",
  ]
  pruneopts = "UT"
  revision = "6bc20ce40733e8e04c2fda4523a957dd8e198948"
  version = "v2.2.0"

[[projects]]
  branch = "v2"
  digest = "1:b6539350da50de0d3c9b83ae587c06b89be9cb5750443bdd887f1c4077f57776"
  name = "gopkg.in/validator.v2"
  packages = ["."]
  pruneopts = "UT"
  revision = "135c24b11c19e52befcae2ec3fca5d9b78c4e98e"

[[projects]]
  digest = "1:342378ac4dcb378a5448dd723f0784ae519383532f5e70ade24132c4c8693202"
  name = "gopkg.in/yaml.v2"
  packages = ["."]
  pruneopts = "UT"
  revision = "5420a8b6744d3b0345ab293f6fcba19c978f1183"
  version = "v2.2.1"

[solve-meta]
  analyzer-name = "dep"
  analyzer-version = 1
  input-imports = [
    "github.com/justinas/alice",
    "github.com/pkg/errors",
    "github.com/segmentio/conf",
    "github.com/segmentio/events",
    "github.com/segmentio/events/ecslogs",
    "github.com/segmentio/events/httpevents",
    "github.com/segmentio/events/log",
    "github.com/segmentio/events/sigevents",
    "github.com/segmentio/events/text",
    "github.com/segmentio/stats",
    "github.com/segmentio/stats/httpstats",
    "github.com/segmentio/stats/prometheus",
    "github.com/stretchr/testify/assert",
    "github.com/stretchr/testify/require",
    "github.com/tidwall/gjson",
    "github.com/yields/phony/pkg/phony",
  ]
  solver-name = "gps-cdcl"
  solver-version = 1
